// !$*UTF8*$!
{
	archiveVersion = 1;
	classes = {
	};
	objectVersion = 46;
	objects = {

/* Begin PBXBuildFile section */
		0272C289796C8F952CFCABC8 /* libPods-MobileFinaliOS.a in Frameworks */ = {isa = PBXBuildFile; fileRef = D2BA2D745D007767402234BD /* libPods-MobileFinaliOS.a */; };
		D1347FC81D26FBA7007B32E2 /* main.m in Sources */ = {isa = PBXBuildFile; fileRef = D1347FC71D26FBA7007B32E2 /* main.m */; };
		D1347FCB1D26FBA7007B32E2 /* AppDelegate.m in Sources */ = {isa = PBXBuildFile; fileRef = D1347FCA1D26FBA7007B32E2 /* AppDelegate.m */; };
		D1347FCE1D26FBA7007B32E2 /* ViewController.m in Sources */ = {isa = PBXBuildFile; fileRef = D1347FCD1D26FBA7007B32E2 /* ViewController.m */; };
		D1347FD11D26FBA7007B32E2 /* Main.storyboard in Resources */ = {isa = PBXBuildFile; fileRef = D1347FCF1D26FBA7007B32E2 /* Main.storyboard */; };
		D1347FD41D26FBA7007B32E2 /* MobileFinaliOS.xcdatamodeld in Sources */ = {isa = PBXBuildFile; fileRef = D1347FD21D26FBA7007B32E2 /* MobileFinaliOS.xcdatamodeld */; };
		D1347FD61D26FBA7007B32E2 /* Assets.xcassets in Resources */ = {isa = PBXBuildFile; fileRef = D1347FD51D26FBA7007B32E2 /* Assets.xcassets */; };
		D1347FD91D26FBA7007B32E2 /* LaunchScreen.storyboard in Resources */ = {isa = PBXBuildFile; fileRef = D1347FD71D26FBA7007B32E2 /* LaunchScreen.storyboard */; };
		D135C0591D39B9450087BC8A /* GoogleService-Info.plist in Resources */ = {isa = PBXBuildFile; fileRef = D135C0581D39B9450087BC8A /* GoogleService-Info.plist */; };
		D135C05B1D39F9A30087BC8A /* GoogleSignIn.bundle in Resources */ = {isa = PBXBuildFile; fileRef = D135C05A1D39F9A30087BC8A /* GoogleSignIn.bundle */; };
		D135C05D1D39F9D10087BC8A /* AddressBook.framework in Frameworks */ = {isa = PBXBuildFile; fileRef = D135C05C1D39F9D10087BC8A /* AddressBook.framework */; };
		D135C05F1D39F9DE0087BC8A /* SafariServices.framework in Frameworks */ = {isa = PBXBuildFile; fileRef = D135C05E1D39F9DE0087BC8A /* SafariServices.framework */; };
		D135C0611D39F9E70087BC8A /* SystemConfiguration.framework in Frameworks */ = {isa = PBXBuildFile; fileRef = D135C0601D39F9E70087BC8A /* SystemConfiguration.framework */; };
/* End PBXBuildFile section */

/* Begin PBXFileReference section */
		692DB7F0BB074A33CCC36FD7 /* Pods-MobileFinaliOS.release.xcconfig */ = {isa = PBXFileReference; includeInIndex = 1; lastKnownFileType = text.xcconfig; name = "Pods-MobileFinaliOS.release.xcconfig"; path = "Pods/Target Support Files/Pods-MobileFinaliOS/Pods-MobileFinaliOS.release.xcconfig"; sourceTree = "<group>"; };
		BD83143C2748E6702DEA32E4 /* Pods-MobileFinaliOS.debug.xcconfig */ = {isa = PBXFileReference; includeInIndex = 1; lastKnownFileType = text.xcconfig; name = "Pods-MobileFinaliOS.debug.xcconfig"; path = "Pods/Target Support Files/Pods-MobileFinaliOS/Pods-MobileFinaliOS.debug.xcconfig"; sourceTree = "<group>"; };
		D1347FC31D26FBA7007B32E2 /* MobileFinaliOS.app */ = {isa = PBXFileReference; explicitFileType = wrapper.application; includeInIndex = 0; path = MobileFinaliOS.app; sourceTree = BUILT_PRODUCTS_DIR; };
		D1347FC71D26FBA7007B32E2 /* main.m */ = {isa = PBXFileReference; lastKnownFileType = sourcecode.c.objc; path = main.m; sourceTree = "<group>"; };
		D1347FC91D26FBA7007B32E2 /* AppDelegate.h */ = {isa = PBXFileReference; lastKnownFileType = sourcecode.c.h; path = AppDelegate.h; sourceTree = "<group>"; };
		D1347FCA1D26FBA7007B32E2 /* AppDelegate.m */ = {isa = PBXFileReference; lastKnownFileType = sourcecode.c.objc; path = AppDelegate.m; sourceTree = "<group>"; };
		D1347FCC1D26FBA7007B32E2 /* ViewController.h */ = {isa = PBXFileReference; lastKnownFileType = sourcecode.c.h; path = ViewController.h; sourceTree = "<group>"; };
		D1347FCD1D26FBA7007B32E2 /* ViewController.m */ = {isa = PBXFileReference; lastKnownFileType = sourcecode.c.objc; path = ViewController.m; sourceTree = "<group>"; };
		D1347FD01D26FBA7007B32E2 /* Base */ = {isa = PBXFileReference; lastKnownFileType = file.storyboard; name = Base; path = Base.lproj/Main.storyboard; sourceTree = "<group>"; };
		D1347FD31D26FBA7007B32E2 /* MobileFinaliOS.xcdatamodel */ = {isa = PBXFileReference; lastKnownFileType = wrapper.xcdatamodel; path = MobileFinaliOS.xcdatamodel; sourceTree = "<group>"; };
		D1347FD51D26FBA7007B32E2 /* Assets.xcassets */ = {isa = PBXFileReference; lastKnownFileType = folder.assetcatalog; path = Assets.xcassets; sourceTree = "<group>"; };
		D1347FD81D26FBA7007B32E2 /* Base */ = {isa = PBXFileReference; lastKnownFileType = file.storyboard; name = Base; path = Base.lproj/LaunchScreen.storyboard; sourceTree = "<group>"; };
		D1347FDA1D26FBA7007B32E2 /* Info.plist */ = {isa = PBXFileReference; lastKnownFileType = text.plist.xml; path = Info.plist; sourceTree = "<group>"; };
		D135C0581D39B9450087BC8A /* GoogleService-Info.plist */ = {isa = PBXFileReference; fileEncoding = 4; lastKnownFileType = text.plist.xml; path = "GoogleService-Info.plist"; sourceTree = "<group>"; };
		D135C05A1D39F9A30087BC8A /* GoogleSignIn.bundle */ = {isa = PBXFileReference; lastKnownFileType = "wrapper.plug-in"; path = GoogleSignIn.bundle; sourceTree = "<group>"; };
		D135C05C1D39F9D10087BC8A /* AddressBook.framework */ = {isa = PBXFileReference; lastKnownFileType = wrapper.framework; name = AddressBook.framework; path = System/Library/Frameworks/AddressBook.framework; sourceTree = SDKROOT; };
		D135C05E1D39F9DE0087BC8A /* SafariServices.framework */ = {isa = PBXFileReference; lastKnownFileType = wrapper.framework; name = SafariServices.framework; path = System/Library/Frameworks/SafariServices.framework; sourceTree = SDKROOT; };
		D135C0601D39F9E70087BC8A /* SystemConfiguration.framework */ = {isa = PBXFileReference; lastKnownFileType = wrapper.framework; name = SystemConfiguration.framework; path = System/Library/Frameworks/SystemConfiguration.framework; sourceTree = SDKROOT; };
		D19053AB1D3EAA2600539ECC /* Constants.h */ = {isa = PBXFileReference; lastKnownFileType = sourcecode.c.h; path = Constants.h; sourceTree = "<group>"; };
		D2BA2D745D007767402234BD /* libPods-MobileFinaliOS.a */ = {isa = PBXFileReference; explicitFileType = archive.ar; includeInIndex = 0; path = "libPods-MobileFinaliOS.a"; sourceTree = BUILT_PRODUCTS_DIR; };
/* End PBXFileReference section */

/* Begin PBXFrameworksBuildPhase section */
		D1347FC01D26FBA7007B32E2 /* Frameworks */ = {
			isa = PBXFrameworksBuildPhase;
			buildActionMask = 2147483647;
			files = (
				D135C0611D39F9E70087BC8A /* SystemConfiguration.framework in Frameworks */,
				D135C05F1D39F9DE0087BC8A /* SafariServices.framework in Frameworks */,
				D135C05D1D39F9D10087BC8A /* AddressBook.framework in Frameworks */,
				0272C289796C8F952CFCABC8 /* libPods-MobileFinaliOS.a in Frameworks */,
			);
			runOnlyForDeploymentPostprocessing = 0;
		};
/* End PBXFrameworksBuildPhase section */

/* Begin PBXGroup section */
		9A8CCAB79E3772BEC33BBC04 /* Pods */ = {
			isa = PBXGroup;
			children = (
				BD83143C2748E6702DEA32E4 /* Pods-MobileFinaliOS.debug.xcconfig */,
				692DB7F0BB074A33CCC36FD7 /* Pods-MobileFinaliOS.release.xcconfig */,
			);
			name = Pods;
			sourceTree = "<group>";
		};
		D1347FBA1D26FBA7007B32E2 = {
			isa = PBXGroup;
			children = (
				D135C05A1D39F9A30087BC8A /* GoogleSignIn.bundle */,
				D135C0581D39B9450087BC8A /* GoogleService-Info.plist */,
				D1347FC51D26FBA7007B32E2 /* MobileFinaliOS */,
				D1347FC41D26FBA7007B32E2 /* Products */,
				9A8CCAB79E3772BEC33BBC04 /* Pods */,
				D9A5DFD2869D58E151724460 /* Frameworks */,
			);
			sourceTree = "<group>";
		};
		D1347FC41D26FBA7007B32E2 /* Products */ = {
			isa = PBXGroup;
			children = (
				D1347FC31D26FBA7007B32E2 /* MobileFinaliOS.app */,
			);
			name = Products;
			sourceTree = "<group>";
		};
		D1347FC51D26FBA7007B32E2 /* MobileFinaliOS */ = {
			isa = PBXGroup;
			children = (
				D1347FC91D26FBA7007B32E2 /* AppDelegate.h */,
				D1347FCA1D26FBA7007B32E2 /* AppDelegate.m */,
				D19053AB1D3EAA2600539ECC /* Constants.h */,
				D1347FCC1D26FBA7007B32E2 /* ViewController.h */,
				D1347FCD1D26FBA7007B32E2 /* ViewController.m */,
				D1347FCF1D26FBA7007B32E2 /* Main.storyboard */,
				D1347FD51D26FBA7007B32E2 /* Assets.xcassets */,
				D1347FD71D26FBA7007B32E2 /* LaunchScreen.storyboard */,
				D1347FDA1D26FBA7007B32E2 /* Info.plist */,
				D1347FD21D26FBA7007B32E2 /* MobileFinaliOS.xcdatamodeld */,
				D1347FC61D26FBA7007B32E2 /* Supporting Files */,
			);
			path = MobileFinaliOS;
			sourceTree = "<group>";
		};
		D1347FC61D26FBA7007B32E2 /* Supporting Files */ = {
			isa = PBXGroup;
			children = (
				D1347FC71D26FBA7007B32E2 /* main.m */,
			);
			name = "Supporting Files";
			sourceTree = "<group>";
		};
		D9A5DFD2869D58E151724460 /* Frameworks */ = {
			isa = PBXGroup;
			children = (
				D135C0601D39F9E70087BC8A /* SystemConfiguration.framework */,
				D135C05E1D39F9DE0087BC8A /* SafariServices.framework */,
				D135C05C1D39F9D10087BC8A /* AddressBook.framework */,
				D2BA2D745D007767402234BD /* libPods-MobileFinaliOS.a */,
			);
			name = Frameworks;
			sourceTree = "<group>";
		};
/* End PBXGroup section */

/* Begin PBXNativeTarget section */
		D1347FC21D26FBA7007B32E2 /* MobileFinaliOS */ = {
			isa = PBXNativeTarget;
			buildConfigurationList = D1347FDD1D26FBA7007B32E2 /* Build configuration list for PBXNativeTarget "MobileFinaliOS" */;
			buildPhases = (
				3EFB16E214BA15E5757967AA /* [CP] Check Pods Manifest.lock */,
				D1347FBF1D26FBA7007B32E2 /* Sources */,
				D1347FC01D26FBA7007B32E2 /* Frameworks */,
				D1347FC11D26FBA7007B32E2 /* Resources */,
				79F85F6D1C6E7A9A7DEF6985 /* [CP] Embed Pods Frameworks */,
				07C7C9F225CA3D3E67271AF8 /* [CP] Copy Pods Resources */,
			);
			buildRules = (
			);
			dependencies = (
			);
			name = MobileFinaliOS;
			productName = MobileFinaliOS;
			productReference = D1347FC31D26FBA7007B32E2 /* MobileFinaliOS.app */;
			productType = "com.apple.product-type.application";
		};
/* End PBXNativeTarget section */

/* Begin PBXProject section */
		D1347FBB1D26FBA7007B32E2 /* Project object */ = {
			isa = PBXProject;
			attributes = {
				LastUpgradeCheck = 0730;
				ORGANIZATIONNAME = "Carnegie Mellon University";
				TargetAttributes = {
					D1347FC21D26FBA7007B32E2 = {
						CreatedOnToolsVersion = 7.3.1;
					};
				};
			};
			buildConfigurationList = D1347FBE1D26FBA7007B32E2 /* Build configuration list for PBXProject "MobileFinaliOS" */;
			compatibilityVersion = "Xcode 3.2";
			developmentRegion = English;
			hasScannedForEncodings = 0;
			knownRegions = (
				en,
				Base,
			);
			mainGroup = D1347FBA1D26FBA7007B32E2;
			productRefGroup = D1347FC41D26FBA7007B32E2 /* Products */;
			projectDirPath = "";
			projectRoot = "";
			targets = (
				D1347FC21D26FBA7007B32E2 /* MobileFinaliOS */,
			);
		};
/* End PBXProject section */

/* Begin PBXResourcesBuildPhase section */
		D1347FC11D26FBA7007B32E2 /* Resources */ = {
			isa = PBXResourcesBuildPhase;
			buildActionMask = 2147483647;
			files = (
				D135C05B1D39F9A30087BC8A /* GoogleSignIn.bundle in Resources */,
				D1347FD91D26FBA7007B32E2 /* LaunchScreen.storyboard in Resources */,
				D135C0591D39B9450087BC8A /* GoogleService-Info.plist in Resources */,
				D1347FD61D26FBA7007B32E2 /* Assets.xcassets in Resources */,
				D1347FD11D26FBA7007B32E2 /* Main.storyboard in Resources */,
			);
			runOnlyForDeploymentPostprocessing = 0;
		};
/* End PBXResourcesBuildPhase section */

/* Begin PBXShellScriptBuildPhase section */
		07C7C9F225CA3D3E67271AF8 /* [CP] Copy Pods Resources */ = {
			isa = PBXShellScriptBuildPhase;
			buildActionMask = 2147483647;
			files = (
			);
			inputPaths = (
			);
			name = "[CP] Copy Pods Resources";
			outputPaths = (
			);
			runOnlyForDeploymentPostprocessing = 0;
			shellPath = /bin/sh;
			shellScript = "\"${SRCROOT}/Pods/Target Support Files/Pods-MobileFinaliOS/Pods-MobileFinaliOS-resources.sh\"\n";
			showEnvVarsInLog = 0;
		};
		3EFB16E214BA15E5757967AA /* [CP] Check Pods Manifest.lock */ = {
			isa = PBXShellScriptBuildPhase;
			buildActionMask = 2147483647;
			files = (
			);
			inputPaths = (
			);
			name = "[CP] Check Pods Manifest.lock";
			outputPaths = (
			);
			runOnlyForDeploymentPostprocessing = 0;
			shellPath = /bin/sh;
			shellScript = "diff \"${PODS_ROOT}/../Podfile.lock\" \"${PODS_ROOT}/Manifest.lock\" > /dev/null\nif [[ $? != 0 ]] ; then\n    cat << EOM\nerror: The sandbox is not in sync with the Podfile.lock. Run 'pod install' or update your CocoaPods installation.\nEOM\n    exit 1\nfi\n";
			showEnvVarsInLog = 0;
		};
		79F85F6D1C6E7A9A7DEF6985 /* [CP] Embed Pods Frameworks */ = {
			isa = PBXShellScriptBuildPhase;
			buildActionMask = 2147483647;
			files = (
			);
			inputPaths = (
			);
			name = "[CP] Embed Pods Frameworks";
			outputPaths = (
			);
			runOnlyForDeploymentPostprocessing = 0;
			shellPath = /bin/sh;
			shellScript = "\"${SRCROOT}/Pods/Target Support Files/Pods-MobileFinaliOS/Pods-MobileFinaliOS-frameworks.sh\"\n";
			showEnvVarsInLog = 0;
		};
/* End PBXShellScriptBuildPhase section */

/* Begin PBXSourcesBuildPhase section */
		D1347FBF1D26FBA7007B32E2 /* Sources */ = {
			isa = PBXSourcesBuildPhase;
			buildActionMask = 2147483647;
			files = (
				D1347FD41D26FBA7007B32E2 /* MobileFinaliOS.xcdatamodeld in Sources */,
				D1347FCE1D26FBA7007B32E2 /* ViewController.m in Sources */,
				D1347FCB1D26FBA7007B32E2 /* AppDelegate.m in Sources */,
				D1347FC81D26FBA7007B32E2 /* main.m in Sources */,
			);
			runOnlyForDeploymentPostprocessing = 0;
		};
/* End PBXSourcesBuildPhase section */

/* Begin PBXVariantGroup section */
		D1347FCF1D26FBA7007B32E2 /* Main.storyboard */ = {
			isa = PBXVariantGroup;
			children = (
				D1347FD01D26FBA7007B32E2 /* Base */,
			);
			name = Main.storyboard;
			sourceTree = "<group>";
		};
		D1347FD71D26FBA7007B32E2 /* LaunchScreen.storyboard */ = {
			isa = PBXVariantGroup;
			children = (
				D1347FD81D26FBA7007B32E2 /* Base */,
			);
			name = LaunchScreen.storyboard;
			sourceTree = "<group>";
		};
/* End PBXVariantGroup section */

/* Begin XCBuildConfiguration section */
		D1347FDB1D26FBA7007B32E2 /* Debug */ = {
			isa = XCBuildConfiguration;
			buildSettings = {
				ALWAYS_SEARCH_USER_PATHS = NO;
				CLANG_ANALYZER_NONNULL = YES;
				CLANG_CXX_LANGUAGE_STANDARD = "gnu++0x";
				CLANG_CXX_LIBRARY = "libc++";
				CLANG_ENABLE_MODULES = YES;
				CLANG_ENABLE_OBJC_ARC = YES;
				CLANG_WARN_BOOL_CONVERSION = YES;
				CLANG_WARN_CONSTANT_CONVERSION = YES;
				CLANG_WARN_DIRECT_OBJC_ISA_USAGE = YES_ERROR;
				CLANG_WARN_EMPTY_BODY = YES;
				CLANG_WARN_ENUM_CONVERSION = YES;
				CLANG_WARN_INT_CONVERSION = YES;
				CLANG_WARN_OBJC_ROOT_CLASS = YES_ERROR;
				CLANG_WARN_UNREACHABLE_CODE = YES;
				CLANG_WARN__DUPLICATE_METHOD_MATCH = YES;
				"CODE_SIGN_IDENTITY[sdk=iphoneos*]" = "iPhone Developer";
				COPY_PHASE_STRIP = NO;
				DEBUG_INFORMATION_FORMAT = dwarf;
				ENABLE_STRICT_OBJC_MSGSEND = YES;
				ENABLE_TESTABILITY = YES;
				GCC_C_LANGUAGE_STANDARD = gnu99;
				GCC_DYNAMIC_NO_PIC = NO;
				GCC_NO_COMMON_BLOCKS = YES;
				GCC_OPTIMIZATION_LEVEL = 0;
				GCC_PREPROCESSOR_DEFINITIONS = (
					"DEBUG=1",
					"$(inherited)",
				);
				GCC_WARN_64_TO_32_BIT_CONVERSION = YES;
				GCC_WARN_ABOUT_RETURN_TYPE = YES_ERROR;
				GCC_WARN_UNDECLARED_SELECTOR = YES;
				GCC_WARN_UNINITIALIZED_AUTOS = YES_AGGRESSIVE;
				GCC_WARN_UNUSED_FUNCTION = YES;
				GCC_WARN_UNUSED_VARIABLE = YES;
				IPHONEOS_DEPLOYMENT_TARGET = 9.3;
				MTL_ENABLE_DEBUG_INFO = YES;
				ONLY_ACTIVE_ARCH = YES;
				OTHER_LDFLAGS = "";
				SDKROOT = iphoneos;
			};
			name = Debug;
		};
		D1347FDC1D26FBA7007B32E2 /* Release */ = {
			isa = XCBuildConfiguration;
			buildSettings = {
				ALWAYS_SEARCH_USER_PATHS = NO;
				CLANG_ANALYZER_NONNULL = YES;
				CLANG_CXX_LANGUAGE_STANDARD = "gnu++0x";
				CLANG_CXX_LIBRARY = "libc++";
				CLANG_ENABLE_MODULES = YES;
				CLANG_ENABLE_OBJC_ARC = YES;
				CLANG_WARN_BOOL_CONVERSION = YES;
				CLANG_WARN_CONSTANT_CONVERSION = YES;
				CLANG_WARN_DIRECT_OBJC_ISA_USAGE = YES_ERROR;
				CLANG_WARN_EMPTY_BODY = YES;
				CLANG_WARN_ENUM_CONVERSION = YES;
				CLANG_WARN_INT_CONVERSION = YES;
				CLANG_WARN_OBJC_ROOT_CLASS = YES_ERROR;
				CLANG_WARN_UNREACHABLE_CODE = YES;
				CLANG_WARN__DUPLICATE_METHOD_MATCH = YES;
				"CODE_SIGN_IDENTITY[sdk=iphoneos*]" = "iPhone Developer";
				COPY_PHASE_STRIP = NO;
				DEBUG_INFORMATION_FORMAT = "dwarf-with-dsym";
				ENABLE_NS_ASSERTIONS = NO;
				ENABLE_STRICT_OBJC_MSGSEND = YES;
				GCC_C_LANGUAGE_STANDARD = gnu99;
				GCC_NO_COMMON_BLOCKS = YES;
				GCC_WARN_64_TO_32_BIT_CONVERSION = YES;
				GCC_WARN_ABOUT_RETURN_TYPE = YES_ERROR;
				GCC_WARN_UNDECLARED_SELECTOR = YES;
				GCC_WARN_UNINITIALIZED_AUTOS = YES_AGGRESSIVE;
				GCC_WARN_UNUSED_FUNCTION = YES;
				GCC_WARN_UNUSED_VARIABLE = YES;
				IPHONEOS_DEPLOYMENT_TARGET = 9.3;
				MTL_ENABLE_DEBUG_INFO = NO;
				OTHER_LDFLAGS = "";
				SDKROOT = iphoneos;
				VALIDATE_PRODUCT = YES;
			};
			name = Release;
		};
		D1347FDE1D26FBA7007B32E2 /* Debug */ = {
			isa = XCBuildConfiguration;
			baseConfigurationReference = BD83143C2748E6702DEA32E4 /* Pods-MobileFinaliOS.debug.xcconfig */;
			buildSettings = {
				ASSETCATALOG_COMPILER_APPICON_NAME = AppIcon;
				INFOPLIST_FILE = MobileFinaliOS/Info.plist;
				LD_RUNPATH_SEARCH_PATHS = "$(inherited) @executable_path/Frameworks";
				OTHER_LDFLAGS = (
					"$(inherited)",
					"-l\"c++\"",
					"-l\"sqlite3\"",
					"-l\"stdc++\"",
					"-l\"z\"",
					"-framework",
					"\"AdSupport\"",
					"-framework",
					"\"AddressBook\"",
					"-framework",
					"\"AssetsLibrary\"",
					"-framework",
					"\"CoreFoundation\"",
					"-framework",
					"\"CoreGraphics\"",
					"-framework",
					"\"CoreLocation\"",
					"-framework",
					"\"CoreMotion\"",
					"-framework",
					"\"CoreText\"",
					"-framework",
					"\"FirebaseAnalytics\"",
					"-framework",
					"\"FirebaseInstanceID\"",
					"-framework",
					"\"GGLCore\"",
					"-framework",
					"\"GGLSignIn\"",
					"-framework",
					"\"GoogleAppUtilities\"",
					"-framework",
					"\"GoogleAuthUtilities\"",
					"-framework",
					"\"GoogleInterchangeUtilities\"",
					"-framework",
					"\"GoogleNetworkingUtilities\"",
					"-framework",
					"\"GoogleSignIn\"",
					"-framework",
					"\"GoogleSymbolUtilities\"",
					"-framework",
					"\"GoogleUtilities\"",
					"-framework",
					"\"MessageUI\"",
					"-framework",
					"\"SafariServices\"",
					"-framework",
					"\"Security\"",
					"-framework",
					"\"StoreKit\"",
					"-framework",
					"\"SystemConfiguration\"",
				);
				PRODUCT_BUNDLE_IDENTIFIER = mobile.final.project.team4;
				PRODUCT_NAME = "$(TARGET_NAME)";
			};
			name = Debug;
		};
		D1347FDF1D26FBA7007B32E2 /* Release */ = {
			isa = XCBuildConfiguration;
			baseConfigurationReference = 692DB7F0BB074A33CCC36FD7 /* Pods-MobileFinaliOS.release.xcconfig */;
			buildSettings = {
				ASSETCATALOG_COMPILER_APPICON_NAME = AppIcon;
				INFOPLIST_FILE = MobileFinaliOS/Info.plist;
				LD_RUNPATH_SEARCH_PATHS = "$(inherited) @executable_path/Frameworks";
				OTHER_LDFLAGS = (
					"$(inherited)",
					"-l\"c++\"",
					"-l\"sqlite3\"",
					"-l\"stdc++\"",
					"-l\"z\"",
					"-framework",
					"\"AdSupport\"",
					"-framework",
					"\"AddressBook\"",
					"-framework",
					"\"AssetsLibrary\"",
					"-framework",
					"\"CoreFoundation\"",
					"-framework",
					"\"CoreGraphics\"",
					"-framework",
					"\"CoreLocation\"",
					"-framework",
					"\"CoreMotion\"",
					"-framework",
					"\"CoreText\"",
					"-framework",
					"\"FirebaseAnalytics\"",
					"-framework",
					"\"FirebaseInstanceID\"",
					"-framework",
					"\"GGLCore\"",
					"-framework",
					"\"GGLSignIn\"",
					"-framework",
					"\"GoogleAppUtilities\"",
					"-framework",
					"\"GoogleAuthUtilities\"",
					"-framework",
					"\"GoogleInterchangeUtilities\"",
					"-framework",
					"\"GoogleNetworkingUtilities\"",
					"-framework",
					"\"GoogleSignIn\"",
					"-framework",
					"\"GoogleSymbolUtilities\"",
					"-framework",
					"\"GoogleUtilities\"",
					"-framework",
					"\"MessageUI\"",
					"-framework",
					"\"SafariServices\"",
					"-framework",
					"\"Security\"",
					"-framework",
					"\"StoreKit\"",
					"-framework",
					"\"SystemConfiguration\"",
				);
				PRODUCT_BUNDLE_IDENTIFIER = mobile.final.project.team4;
				PRODUCT_NAME = "$(TARGET_NAME)";
			};
			name = Release;
		};
/* End XCBuildConfiguration section */

/* Begin XCConfigurationList section */
		D1347FBE1D26FBA7007B32E2 /* Build configuration list for PBXProject "MobileFinaliOS" */ = {
			isa = XCConfigurationList;
			buildConfigurations = (
				D1347FDB1D26FBA7007B32E2 /* Debug */,
				D1347FDC1D26FBA7007B32E2 /* Release */,
			);
			defaultConfigurationIsVisible = 0;
			defaultConfigurationName = Release;
		};
		D1347FDD1D26FBA7007B32E2 /* Build configuration list for PBXNativeTarget "MobileFinaliOS" */ = {
			isa = XCConfigurationList;
			buildConfigurations = (
				D1347FDE1D26FBA7007B32E2 /* Debug */,
				D1347FDF1D26FBA7007B32E2 /* Release */,
			);
			defaultConfigurationIsVisible = 0;
			defaultConfigurationName = Release;
		};
/* End XCConfigurationList section */

/* Begin XCVersionGroup section */
		D1347FD21D26FBA7007B32E2 /* MobileFinaliOS.xcdatamodeld */ = {
			isa = XCVersionGroup;
			children = (
				D1347FD31D26FBA7007B32E2 /* MobileFinaliOS.xcdatamodel */,
			);
			currentVersion = D1347FD31D26FBA7007B32E2 /* MobileFinaliOS.xcdatamodel */;
			path = MobileFinaliOS.xcdatamodeld;
			sourceTree = "<group>";
			versionGroupType = wrapper.xcdatamodel;
		};
/* End XCVersionGroup section */
	};
	rootObject = D1347FBB1D26FBA7007B32E2 /* Project object */;
}
